{
  "name": "@onramper/widget",
  "version": "0.1.0",
  "lockfileVersion": 1,
  "requires": true,
  "dependencies": {
    "@onramper/moonpay-adapter": {
      "version": "1.0.0",
      "resolved": "https://registry.npmjs.org/@onramper/moonpay-adapter/-/moonpay-adapter-1.0.0.tgz",
      "integrity": "sha512-ka7tMtDJzQsIaK1UGss9akkeSpxU5QSryFVVYMgssxTeL5E84YvZdeqVCNi3Dia9pgoKLCAwoVUDMbTPirClhQ==",
      "requires": {
        "iso3166-alpha-converter": "^1.0.0"
      }
    },
    "iso3166-alpha-converter": {
      "version": "1.0.0",
      "resolved": "https://registry.npmjs.org/iso3166-alpha-converter/-/iso3166-alpha-converter-1.0.0.tgz",
      "integrity": "sha512-HiiiC2tghAOE2Jc9218LCZJl/+NpduRt8CeOUBeBtMHBUqzKXtx14jRd5KgOJpr2elLdkzq7/G+Z0OFCoYTZAw=="
    }
  }
}
